
Microsoft Visual Studio Solution File, Format Version 12.00
# Visual Studio Version 16
VisualStudioVersion = 16.0.31911.196
MinimumVisualStudioVersion = 10.0.40219.1
Project("{FAE04EC0-301F-11D3-BF4B-00C04F79EFBC}") = "ProyectoFinalProgramacion", "ProyectoFinalProgramacion\ProyectoFinalProgramacion.csproj", "{BB179179-B19F-44FA-A4BB-01F68BBE243B}"
EndProject
Project("{FAE04EC0-301F-11D3-BF4B-00C04F79EFBC}") = "ClaseDatos", "ClaseDatos\ClaseDatos.csproj", "{153F049C-742A-4A64-A25E-842F0C025B14}"
EndProject
Project("{FAE04EC0-301F-11D3-BF4B-00C04F79EFBC}") = "ClaseNegocios", "ClaseNegocios\ClaseNegocios.csproj", "{F7E65B0D-9785-4DF3-81AD-52FBAB264743}"
EndProject
Global
	GlobalSection(SolutionConfigurationPlatforms) = preSolution
		Debug|Any CPU = Debug|Any CPU
		Release|Any CPU = Release|Any CPU
	EndGlobalSection
	GlobalSection(ProjectConfigurationPlatforms) = postSolution
		{BB179179-B19F-44FA-A4BB-01F68BBE243B}.Debug|Any CPU.ActiveCfg = Debug|Any CPU
		{BB179179-B19F-44FA-A4BB-01F68BBE243B}.Debug|Any CPU.Build.0 = Debug|Any CPU
		{BB179179-B19F-44FA-A4BB-01F68BBE243B}.Release|Any CPU.ActiveCfg = Release|Any CPU
		{BB179179-B19F-44FA-A4BB-01F68BBE243B}.Release|Any CPU.Build.0 = Release|Any CPU
		{153F049C-742A-4A64-A25E-842F0C025B14}.Debug|Any CPU.ActiveCfg = Debug|Any CPU
		{153F049C-742A-4A64-A25E-842F0C025B14}.Debug|Any CPU.Build.0 = Debug|Any CPU
		{153F049C-742A-4A64-A25E-842F0C025B14}.Release|Any CPU.ActiveCfg = Release|Any CPU
		{153F049C-742A-4A64-A25E-842F0C025B14}.Release|Any CPU.Build.0 = Release|Any CPU
		{F7E65B0D-9785-4DF3-81AD-52FBAB264743}.Debug|Any CPU.ActiveCfg = Debug|Any CPU
		{F7E65B0D-9785-4DF3-81AD-52FBAB264743}.Debug|Any CPU.Build.0 = Debug|Any CPU
		{F7E65B0D-9785-4DF3-81AD-52FBAB264743}.Release|Any CPU.ActiveCfg = Release|Any CPU
		{F7E65B0D-9785-4DF3-81AD-52FBAB264743}.Release|Any CPU.Build.0 = Release|Any CPU
	EndGlobalSection
	GlobalSection(SolutionProperties) = preSolution
		HideSolutionNode = FALSE
	EndGlobalSection
	GlobalSection(ExtensibilityGlobals) = postSolution
		SolutionGuid = {60695BF8-D18A-425D-B080-2A863BCE2F18}
	EndGlobalSection
EndGlobal
